// !$*UTF8*$!
{
	archiveVersion = 1;
	classes = {
	};
	objectVersion = 77;
	objects = {

/* Begin PBXBuildFile section */
		D98700D32F9186DF006AB04D /* MartesoTests.swift in Sources */ = {isa = PBXBuildFile; fileRef = D98700D12F9186DF006AB04D /* MartesoTests.swift */; };
		D98700E22F9186FF006AB04D /* config.json in Resources */ = {isa = PBXBuildFile; fileRef = D98700DF2F9186FF006AB04D /* config.json */; };
		D98700E32F9186FF006AB04D /* MartesoUITests.swift in Sources */ = {isa = PBXBuildFile; fileRef = D98700DD2F9186FF006AB04D /* MartesoUITests.swift */; };
		D98700E42F9186FF006AB04D /* MartesoUITestsLaunchTests.swift in Sources */ = {isa = PBXBuildFile; fileRef = D98700DE2F9186FF006AB04D /* MartesoUITestsLaunchTests.swift */; };
		D98700E52F9186FF006AB04D /* SnapshotHelper.swift in Sources */ = {isa = PBXBuildFile; fileRef = D98700E02F9186FF006AB04D /* SnapshotHelper.swift */; };
/* End PBXBuildFile section */

/* Begin PBXContainerItemProxy section */
		D97CBC492F5AE27B0033A6A4 /* PBXContainerItemProxy */ = {
			isa = PBXContainerItemProxy;
			containerPortal = D97CBC332F5AE27A0033A6A4 /* Project object */;
			proxyType = 1;
			remoteGlobalIDString = D97CBC3A2F5AE27A0033A6A4;
			remoteInfo = Marteso;
		};
		D97CBC532F5AE27B0033A6A4 /* PBXContainerItemProxy */ = {
			isa = PBXContainerItemProxy;
			containerPortal = D97CBC332F5AE27A0033A6A4 /* Project object */;
			proxyType = 1;
			remoteGlobalIDString = D97CBC3A2F5AE27A0033A6A4;
			remoteInfo = Marteso;
		};
/* End PBXContainerItemProxy section */

/* Begin PBXFileReference section */
		D92B38642F91884E00C35793 /* Marteso.app */ = {isa = PBXFileReference; explicitFileType = wrapper.application; includeInIndex = 0; path = Marteso.app; sourceTree = BUILT_PRODUCTS_DIR; };
		D92B38652F91884E00C35793 /* MartesoTests.xctest */ = {isa = PBXFileReference; explicitFileType = wrapper.cfbundle; includeInIndex = 0; path = MartesoTests.xctest; sourceTree = BUILT_PRODUCTS_DIR; };
		D92B38662F91884E00C35793 /* MartesoUITests.xctest */ = {isa = PBXFileReference; explicitFileType = wrapper.cfbundle; includeInIndex = 0; path = MartesoUITests.xctest; sourceTree = BUILT_PRODUCTS_DIR; };
		D98700D12F9186DF006AB04D /* MartesoTests.swift */ = {isa = PBXFileReference; lastKnownFileType = sourcecode.swift; path = MartesoTests.swift; sourceTree = "<group>"; };
		D98700DD2F9186FF006AB04D /* MartesoUITests.swift */ = {isa = PBXFileReference; lastKnownFileType = sourcecode.swift; path = MartesoUITests.swift; sourceTree = "<group>"; };
		D98700DE2F9186FF006AB04D /* MartesoUITestsLaunchTests.swift */ = {isa = PBXFileReference; lastKnownFileType = sourcecode.swift; path = MartesoUITestsLaunchTests.swift; sourceTree = "<group>"; };
		D98700DF2F9186FF006AB04D /* config.json */ = {isa = PBXFileReference; lastKnownFileType = text.json; path = config.json; sourceTree = "<group>"; };
		D98700E02F9186FF006AB04D /* SnapshotHelper.swift */ = {isa = PBXFileReference; lastKnownFileType = sourcecode.swift; path = SnapshotHelper.swift; sourceTree = "<group>"; };
/* End PBXFileReference section */

/* Begin PBXFileSystemSynchronizedBuildFileExceptionSet section */
		D97CBC3D2F5AE27A0033A6A5 /* PBXFileSystemSynchronizedBuildFileExceptionSet */ = {
			isa = PBXFileSystemSynchronizedBuildFileExceptionSet;
			membershipExceptions = (
				Info.plist,
				Marteso.entitlements,
			);
			target = D97CBC3A2F5AE27A0033A6A4 /* Marteso */;
		};
/* End PBXFileSystemSynchronizedBuildFileExceptionSet section */

/* Begin PBXFileSystemSynchronizedRootGroup section */
		D97CBC3D2F5AE27A0033A6A4 /* Marteso */ = {
			isa = PBXFileSystemSynchronizedRootGroup;
			exceptions = (
				D97CBC3D2F5AE27A0033A6A5 /* PBXFileSystemSynchronizedBuildFileExceptionSet */,
			);
			path = Marteso;
			sourceTree = "<group>";
		};
/* End PBXFileSystemSynchronizedRootGroup section */

/* Begin PBXFrameworksBuildPhase section */
		D97CBC382F5AE27A0033A6A4 /* Frameworks */ = {
			isa = PBXFrameworksBuildPhase;
			buildActionMask = 2147483647;
			files = (
			);
			runOnlyForDeploymentPostprocessing = 0;
		};
		D97CBC452F5AE27B0033A6A4 /* Frameworks */ = {
			isa = PBXFrameworksBuildPhase;
			buildActionMask = 2147483647;
			files = (
			);
			runOnlyForDeploymentPostprocessing = 0;
		};
		D97CBC4F2F5AE27B0033A6A4 /* Frameworks */ = {
			isa = PBXFrameworksBuildPhase;
			buildActionMask = 2147483647;
			files = (
			);
			runOnlyForDeploymentPostprocessing = 0;
		};
/* End PBXFrameworksBuildPhase section */

/* Begin PBXGroup section */
		D97CBC322F5AE27A0033A6A4 = {
			isa = PBXGroup;
			children = (
				D98700E12F9186FF006AB04D /* MartesoUITests */,
				D98700D22F9186DF006AB04D /* MartesoTests */,
				D97CBC3D2F5AE27A0033A6A4 /* Marteso */,
				D92B38642F91884E00C35793 /* Marteso.app */,
				D92B38652F91884E00C35793 /* MartesoTests.xctest */,
				D92B38662F91884E00C35793 /* MartesoUITests.xctest */,
			);
			sourceTree = "<group>";
		};
		D98700D22F9186DF006AB04D /* MartesoTests */ = {
			isa = PBXGroup;
			children = (
				D98700D12F9186DF006AB04D /* MartesoTests.swift */,
			);
			path = MartesoTests;
			sourceTree = "<group>";
		};
		D98700E12F9186FF006AB04D /* MartesoUITests */ = {
			isa = PBXGroup;
			children = (
				D98700DD2F9186FF006AB04D /* MartesoUITests.swift */,
				D98700DE2F9186FF006AB04D /* MartesoUITestsLaunchTests.swift */,
				D98700DF2F9186FF006AB04D /* config.json */,
				D98700E02F9186FF006AB04D /* SnapshotHelper.swift */,
			);
			path = MartesoUITests;
			sourceTree = "<group>";
		};
/* End PBXGroup section */

/* Begin PBXNativeTarget section */
		D97CBC3A2F5AE27A0033A6A4 /* Marteso */ = {
			isa = PBXNativeTarget;
			buildConfigurationList = D97CBC5C2F5AE27B0033A6A4 /* Build configuration list for PBXNativeTarget "Marteso" */;
			buildPhases = (
				D97CBC372F5AE27A0033A6A4 /* Sources */,
				D97CBC382F5AE27A0033A6A4 /* Frameworks */,
				D97CBC392F5AE27A0033A6A4 /* Resources */,
			);
			buildRules = (
			);
			dependencies = (
			);
			fileSystemSynchronizedGroups = (
				D97CBC3D2F5AE27A0033A6A4 /* Marteso */,
			);
			name = Marteso;
			packageProductDependencies = (
			);
			productName = Marteso;
			productReference = D92B38642F91884E00C35793 /* Marteso.app */;
			productType = "com.apple.product-type.application";
		};
		D97CBC472F5AE27B0033A6A4 /* MartesoTests */ = {
			isa = PBXNativeTarget;
			buildConfigurationList = D97CBC5F2F5AE27B0033A6A4 /* Build configuration list for PBXNativeTarget "MartesoTests" */;
			buildPhases = (
				D97CBC442F5AE27B0033A6A4 /* Sources */,
				D97CBC452F5AE27B0033A6A4 /* Frameworks */,
				D97CBC462F5AE27B0033A6A4 /* Resources */,
			);
			buildRules = (
			);
			dependencies = (
				D97CBC4A2F5AE27B0033A6A4 /* PBXTargetDependency */,
			);
			name = MartesoTests;
			packageProductDependencies = (
			);
			productName = MartesoTests;
			productReference = D92B38652F91884E00C35793 /* MartesoTests.xctest */;
			productType = "com.apple.product-type.bundle.unit-test";
		};
		D97CBC512F5AE27B0033A6A4 /* MartesoUITests */ = {
			isa = PBXNativeTarget;
			buildConfigurationList = D97CBC622F5AE27B0033A6A4 /* Build configuration list for PBXNativeTarget "MartesoUITests" */;
			buildPhases = (
				D97CBC4E2F5AE27B0033A6A4 /* Sources */,
				D97CBC4F2F5AE27B0033A6A4 /* Frameworks */,
				D97CBC502F5AE27B0033A6A4 /* Resources */,
			);
			buildRules = (
			);
			dependencies = (
				D97CBC542F5AE27B0033A6A4 /* PBXTargetDependency */,
			);
			name = MartesoUITests;
			packageProductDependencies = (
			);
			productName = MartesoUITests;
			productReference = D92B38662F91884E00C35793 /* MartesoUITests.xctest */;
			productType = "com.apple.product-type.bundle.ui-testing";
		};
/* End PBXNativeTarget section */

/* Begin PBXProject section */
		D97CBC332F5AE27A0033A6A4 /* Project object */ = {
			isa = PBXProject;
			attributes = {
				BuildIndependentTargetsInParallel = 1;
				LastSwiftUpdateCheck = 2630;
				LastUpgradeCheck = 2630;
				TargetAttributes = {
					D97CBC3A2F5AE27A0033A6A4 = {
						CreatedOnToolsVersion = 26.3;
					};
					D97CBC472F5AE27B0033A6A4 = {
						CreatedOnToolsVersion = 26.3;
						TestTargetID = D97CBC3A2F5AE27A0033A6A4;
					};
					D97CBC512F5AE27B0033A6A4 = {
						CreatedOnToolsVersion = 26.3;
						TestTargetID = D97CBC3A2F5AE27A0033A6A4;
					};
				};
			};
			buildConfigurationList = D97CBC362F5AE27A0033A6A4 /* Build configuration list for PBXProject "Marteso" */;
			developmentRegion = en;
			hasScannedForEncodings = 0;
			knownRegions = (
				en,
				Base,
			);
			mainGroup = D97CBC322F5AE27A0033A6A4;
			minimizedProjectReferenceProxies = 1;
			preferredProjectObjectVersion = 77;
			productRefGroup = D97CBC322F5AE27A0033A6A4;
			projectDirPath = "";
			projectRoot = "";
			targets = (
				D97CBC3A2F5AE27A0033A6A4 /* Marteso */,
				D97CBC472F5AE27B0033A6A4 /* MartesoTests */,
				D97CBC512F5AE27B0033A6A4 /* MartesoUITests */,
			);
		};
/* End PBXProject section */

/* Begin PBXResourcesBuildPhase section */
		D97CBC392F5AE27A0033A6A4 /* Resources */ = {
			isa = PBXResourcesBuildPhase;
			buildActionMask = 2147483647;
			files = (
				D98700E22F9186FF006AB04D /* config.json in Resources */,
			);
			runOnlyForDeploymentPostprocessing = 0;
		};
		D97CBC462F5AE27B0033A6A4 /* Resources */ = {
			isa = PBXResourcesBuildPhase;
			buildActionMask = 2147483647;
			files = (
			);
			runOnlyForDeploymentPostprocessing = 0;
		};
		D97CBC502F5AE27B0033A6A4 /* Resources */ = {
			isa = PBXResourcesBuildPhase;
			buildActionMask = 2147483647;
			files = (
			);
			runOnlyForDeploymentPostprocessing = 0;
		};
/* End PBXResourcesBuildPhase section */

/* Begin PBXSourcesBuildPhase section */
		D97CBC372F5AE27A0033A6A4 /* Sources */ = {
			isa = PBXSourcesBuildPhase;
			buildActionMask = 2147483647;
			files = (
			);
			runOnlyForDeploymentPostprocessing = 0;
		};
		D97CBC442F5AE27B0033A6A4 /* Sources */ = {
			isa = PBXSourcesBuildPhase;
			buildActionMask = 2147483647;
			files = (
				D98700D32F9186DF006AB04D /* MartesoTests.swift in Sources */,
			);
			runOnlyForDeploymentPostprocessing = 0;
		};
		D97CBC4E2F5AE27B0033A6A4 /* Sources */ = {
			isa = PBXSourcesBuildPhase;
			buildActionMask = 2147483647;
			files = (
				D98700E32F9186FF006AB04D /* MartesoUITests.swift in Sources */,
				D98700E42F9186FF006AB04D /* MartesoUITestsLaunchTests.swift in Sources */,
				D98700E52F9186FF006AB04D /* SnapshotHelper.swift in Sources */,
			);
			runOnlyForDeploymentPostprocessing = 0;
		};
/* End PBXSourcesBuildPhase section */

/* Begin PBXTargetDependency section */
		D97CBC4A2F5AE27B0033A6A4 /* PBXTargetDependency */ = {
			isa = PBXTargetDependency;
			target = D97CBC3A2F5AE27A0033A6A4 /* Marteso */;
			targetProxy = D97CBC492F5AE27B0033A6A4 /* PBXContainerItemProxy */;
		};
		D97CBC542F5AE27B0033A6A4 /* PBXTargetDependency */ = {
			isa = PBXTargetDependency;
			target = D97CBC3A2F5AE27A0033A6A4 /* Marteso */;
			targetProxy = D97CBC532F5AE27B0033A6A4 /* PBXContainerItemProxy */;
		};
/* End PBXTargetDependency section */

/* Begin XCBuildConfiguration section */
		D97CBC5A2F5AE27B0033A6A4 /* Debug */ = {
			isa = XCBuildConfiguration;
			buildSettings = {
				ALWAYS_SEARCH_USER_PATHS = NO;
				ASSETCATALOG_COMPILER_GENERATE_SWIFT_ASSET_SYMBOL_EXTENSIONS = YES;
				CLANG_ANALYZER_NONNULL = YES;
				CLANG_ANALYZER_NUMBER_OBJECT_CONVERSION = YES_AGGRESSIVE;
				CLANG_CXX_LANGUAGE_STANDARD = "gnu++20";
				CLANG_ENABLE_MODULES = YES;
				CLANG_ENABLE_OBJC_ARC = YES;
				CLANG_ENABLE_OBJC_WEAK = YES;
				CLANG_WARN_BLOCK_CAPTURE_AUTORELEASING = YES;
				CLANG_WARN_BOOL_CONVERSION = YES;
				CLANG_WARN_COMMA = YES;
				CLANG_WARN_CONSTANT_CONVERSION = YES;
				CLANG_WARN_DEPRECATED_OBJC_IMPLEMENTATIONS = YES;
				CLANG_WARN_DIRECT_OBJC_ISA_USAGE = YES_ERROR;
				CLANG_WARN_DOCUMENTATION_COMMENTS = YES;
				CLANG_WARN_EMPTY_BODY = YES;
				CLANG_WARN_ENUM_CONVERSION = YES;
				CLANG_WARN_INFINITE_RECURSION = YES;
				CLANG_WARN_INT_CONVERSION = YES;
				CLANG_WARN_NON_LITERAL_NULL_CONVERSION = YES;
				CLANG_WARN_OBJC_IMPLICIT_RETAIN_SELF = YES;
				CLANG_WARN_OBJC_LITERAL_CONVERSION = YES;
				CLANG_WARN_OBJC_ROOT_CLASS = YES_ERROR;
				CLANG_WARN_QUOTED_INCLUDE_IN_FRAMEWORK_HEADER = YES;
				CLANG_WARN_RANGE_LOOP_ANALYSIS = YES;
				CLANG_WARN_STRICT_PROTOTYPES = YES;
				CLANG_WARN_SUSPICIOUS_MOVE = YES;
				CLANG_WARN_UNGUARDED_AVAILABILITY = YES_AGGRESSIVE;
				CLANG_WARN_UNREACHABLE_CODE = YES;
				CLANG_WARN__DUPLICATE_METHOD_MATCH = YES;
				COPY_PHASE_STRIP = NO;
				DEBUG_INFORMATION_FORMAT = dwarf;
				DEVELOPMENT_TEAM = AS5BHHK5AW;
				ENABLE_STRICT_OBJC_MSGSEND = YES;
				ENABLE_TESTABILITY = YES;
				ENABLE_USER_SCRIPT_SANDBOXING = YES;
				GCC_C_LANGUAGE_STANDARD = gnu17;
				GCC_DYNAMIC_NO_PIC = NO;
				GCC_NO_COMMON_BLOCKS = YES;
				GCC_OPTIMIZATION_LEVEL = 0;
				GCC_PREPROCESSOR_DEFINITIONS = (
					"DEBUG=1",
					"$(inherited)",
				);
				GCC_WARN_64_TO_32_BIT_CONVERSION = YES;
				GCC_WARN_ABOUT_RETURN_TYPE = YES_ERROR;
				GCC_WARN_UNDECLARED_SELECTOR = YES;
				GCC_WARN_UNINITIALIZED_AUTOS = YES_AGGRESSIVE;
				GCC_WARN_UNUSED_FUNCTION = YES;
				GCC_WARN_UNUSED_VARIABLE = YES;
				IPHONEOS_DEPLOYMENT_TARGET = 26.2;
				LOCALIZATION_PREFERS_STRING_CATALOGS = YES;
				MTL_ENABLE_DEBUG_INFO = INCLUDE_SOURCE;
				MTL_FAST_MATH = YES;
				ONLY_ACTIVE_ARCH = YES;
				SDKROOT = iphoneos;
				SWIFT_ACTIVE_COMPILATION_CONDITIONS = "DEBUG $(inherited)";
				SWIFT_OPTIMIZATION_LEVEL = "-Onone";
			};
			name = Debug;
		};
		D97CBC5B2F5AE27B0033A6A4 /* Release */ = {
			isa = XCBuildConfiguration;
			buildSettings = {
				ALWAYS_SEARCH_USER_PATHS = NO;
				ASSETCATALOG_COMPILER_GENERATE_SWIFT_ASSET_SYMBOL_EXTENSIONS = YES;
				CLANG_ANALYZER_NONNULL = YES;
				CLANG_ANALYZER_NUMBER_OBJECT_CONVERSION = YES_AGGRESSIVE;
				CLANG_CXX_LANGUAGE_STANDARD = "gnu++20";
				CLANG_ENABLE_MODULES = YES;
				CLANG_ENABLE_OBJC_ARC = YES;
				CLANG_ENABLE_OBJC_WEAK = YES;
				CLANG_WARN_BLOCK_CAPTURE_AUTORELEASING = YES;
				CLANG_WARN_BOOL_CONVERSION = YES;
				CLANG_WARN_COMMA = YES;
				CLANG_WARN_CONSTANT_CONVERSION = YES;
				CLANG_WARN_DEPRECATED_OBJC_IMPLEMENTATIONS = YES;
				CLANG_WARN_DIRECT_OBJC_ISA_USAGE = YES_ERROR;
				CLANG_WARN_DOCUMENTATION_COMMENTS = YES;
				CLANG_WARN_EMPTY_BODY = YES;
				CLANG_WARN_ENUM_CONVERSION = YES;
				CLANG_WARN_INFINITE_RECURSION = YES;
				CLANG_WARN_INT_CONVERSION = YES;
				CLANG_WARN_NON_LITERAL_NULL_CONVERSION = YES;
				CLANG_WARN_OBJC_IMPLICIT_RETAIN_SELF = YES;
				CLANG_WARN_OBJC_LITERAL_CONVERSION = YES;
				CLANG_WARN_OBJC_ROOT_CLASS = YES_ERROR;
				CLANG_WARN_QUOTED_INCLUDE_IN_FRAMEWORK_HEADER = YES;
				CLANG_WARN_RANGE_LOOP_ANALYSIS = YES;
				CLANG_WARN_STRICT_PROTOTYPES = YES;
				CLANG_WARN_SUSPICIOUS_MOVE = YES;
				CLANG_WARN_UNGUARDED_AVAILABILITY = YES_AGGRESSIVE;
				CLANG_WARN_UNREACHABLE_CODE = YES;
				CLANG_WARN__DUPLICATE_METHOD_MATCH = YES;
				COPY_PHASE_STRIP = NO;
				DEBUG_INFORMATION_FORMAT = "dwarf-with-dsym";
				DEVELOPMENT_TEAM = AS5BHHK5AW;
				ENABLE_NS_ASSERTIONS = NO;
				ENABLE_STRICT_OBJC_MSGSEND = YES;
				ENABLE_USER_SCRIPT_SANDBOXING = YES;
				GCC_C_LANGUAGE_STANDARD = gnu17;
				GCC_NO_COMMON_BLOCKS = YES;
				GCC_WARN_64_TO_32_BIT_CONVERSION = YES;
				GCC_WARN_ABOUT_RETURN_TYPE = YES_ERROR;
				GCC_WARN_UNDECLARED_SELECTOR = YES;
				GCC_WARN_UNINITIALIZED_AUTOS = YES_AGGRESSIVE;
				GCC_WARN_UNUSED_FUNCTION = YES;
				GCC_WARN_UNUSED_VARIABLE = YES;
				IPHONEOS_DEPLOYMENT_TARGET = 26.2;
				LOCALIZATION_PREFERS_STRING_CATALOGS = YES;
				MTL_ENABLE_DEBUG_INFO = NO;
				MTL_FAST_MATH = YES;
				SDKROOT = iphoneos;
				SWIFT_COMPILATION_MODE = wholemodule;
				VALIDATE_PRODUCT = YES;
			};
			name = Release;
		};
		D97CBC5D2F5AE27B0033A6A4 /* Debug */ = {
			isa = XCBuildConfiguration;
			buildSettings = {
				ASSETCATALOG_COMPILER_APPICON_NAME = AppIcon;
				ASSETCATALOG_COMPILER_GLOBAL_ACCENT_COLOR_NAME = AccentColor;
				CODE_SIGN_ENTITLEMENTS = Marteso/Marteso.entitlements;
				CODE_SIGN_STYLE = Automatic;
				CURRENT_PROJECT_VERSION = 1;
				DEVELOPMENT_TEAM = AS5BHHK5AW;
				ENABLE_PREVIEWS = YES;
				GENERATE_INFOPLIST_FILE = YES;
				INFOPLIST_FILE = Marteso/Info.plist;
				INFOPLIST_KEY_CFBundleDisplayName = Marteso;
				INFOPLIST_KEY_UIApplicationSceneManifest_Generation = YES;
				INFOPLIST_KEY_UIApplicationSupportsIndirectInputEvents = YES;
				INFOPLIST_KEY_UILaunchScreen_Generation = YES;
				INFOPLIST_KEY_UISupportedInterfaceOrientations_iPad = "UIInterfaceOrientationPortrait UIInterfaceOrientationPortraitUpsideDown UIInterfaceOrientationLandscapeLeft UIInterfaceOrientationLandscapeRight";
				INFOPLIST_KEY_UISupportedInterfaceOrientations_iPhone = "UIInterfaceOrientationPortrait UIInterfaceOrientationLandscapeLeft UIInterfaceOrientationLandscapeRight";
				LD_RUNPATH_SEARCH_PATHS = (
					"$(inherited)",
					"@executable_path/Frameworks",
				);
				MARKETING_VERSION = 1.0;
				PRODUCT_BUNDLE_IDENTIFIER = com.fringelo.marteso.Marteso;
				PRODUCT_NAME = "$(TARGET_NAME)";
				STRING_CATALOG_GENERATE_SYMBOLS = YES;
				SWIFT_APPROACHABLE_CONCURRENCY = YES;
				SWIFT_DEFAULT_ACTOR_ISOLATION = MainActor;
				SWIFT_EMIT_LOC_STRINGS = YES;
				SWIFT_UPCOMING_FEATURE_MEMBER_IMPORT_VISIBILITY = YES;
				SWIFT_VERSION = 5.0;
				TARGETED_DEVICE_FAMILY = "1,2";
			};
			name = Debug;
		};
		D97CBC5E2F5AE27B0033A6A4 /* Release */ = {
			isa = XCBuildConfiguration;
			buildSettings = {
				ASSETCATALOG_COMPILER_APPICON_NAME = AppIcon;
				ASSETCATALOG_COMPILER_GLOBAL_ACCENT_COLOR_NAME = AccentColor;
				CODE_SIGN_ENTITLEMENTS = Marteso/Marteso.entitlements;
				CODE_SIGN_STYLE = Automatic;
				CURRENT_PROJECT_VERSION = 1;
				DEVELOPMENT_TEAM = AS5BHHK5AW;
				ENABLE_PREVIEWS = YES;
				GENERATE_INFOPLIST_FILE = YES;
				INFOPLIST_FILE = Marteso/Info.plist;
				INFOPLIST_KEY_CFBundleDisplayName = Marteso;
				INFOPLIST_KEY_UIApplicationSceneManifest_Generation = YES;
				INFOPLIST_KEY_UIApplicationSupportsIndirectInputEvents = YES;
				INFOPLIST_KEY_UILaunchScreen_Generation = YES;
				INFOPLIST_KEY_UISupportedInterfaceOrientations_iPad = "UIInterfaceOrientationPortrait UIInterfaceOrientationPortraitUpsideDown UIInterfaceOrientationLandscapeLeft UIInterfaceOrientationLandscapeRight";
				INFOPLIST_KEY_UISupportedInterfaceOrientations_iPhone = "UIInterfaceOrientationPortrait UIInterfaceOrientationLandscapeLeft UIInterfaceOrientationLandscapeRight";
				LD_RUNPATH_SEARCH_PATHS = (
					"$(inherited)",
					"@executable_path/Frameworks",
				);
				MARKETING_VERSION = 1.0;
				PRODUCT_BUNDLE_IDENTIFIER = com.fringelo.marteso.Marteso;
				PRODUCT_NAME = "$(TARGET_NAME)";
				STRING_CATALOG_GENERATE_SYMBOLS = YES;
				SWIFT_APPROACHABLE_CONCURRENCY = YES;
				SWIFT_DEFAULT_ACTOR_ISOLATION = MainActor;
				SWIFT_EMIT_LOC_STRINGS = YES;
				SWIFT_UPCOMING_FEATURE_MEMBER_IMPORT_VISIBILITY = YES;
				SWIFT_VERSION = 5.0;
				TARGETED_DEVICE_FAMILY = "1,2";
			};
			name = Release;
		};
		D97CBC602F5AE27B0033A6A4 /* Debug */ = {
			isa = XCBuildConfiguration;
			buildSettings = {
				BUNDLE_LOADER = "$(TEST_HOST)";
				CODE_SIGN_STYLE = Automatic;
				CURRENT_PROJECT_VERSION = 1;
				DEVELOPMENT_TEAM = AS5BHHK5AW;
				GENERATE_INFOPLIST_FILE = YES;
				IPHONEOS_DEPLOYMENT_TARGET = 26.2;
				MARKETING_VERSION = 1.0;
				PRODUCT_BUNDLE_IDENTIFIER = com.fringelo.MartesoTests;
				PRODUCT_NAME = "$(TARGET_NAME)";
				STRING_CATALOG_GENERATE_SYMBOLS = NO;
				SWIFT_APPROACHABLE_CONCURRENCY = YES;
				SWIFT_EMIT_LOC_STRINGS = NO;
				SWIFT_UPCOMING_FEATURE_MEMBER_IMPORT_VISIBILITY = YES;
				SWIFT_VERSION = 5.0;
				TARGETED_DEVICE_FAMILY = "1,2";
				TEST_HOST = "$(BUILT_PRODUCTS_DIR)/Marteso.app/$(BUNDLE_EXECUTABLE_FOLDER_PATH)/Marteso";
			};
			name = Debug;
		};
		D97CBC612F5AE27B0033A6A4 /* Release */ = {
			isa = XCBuildConfiguration;
			buildSettings = {
				BUNDLE_LOADER = "$(TEST_HOST)";
				CODE_SIGN_STYLE = Automatic;
				CURRENT_PROJECT_VERSION = 1;
				DEVELOPMENT_TEAM = AS5BHHK5AW;
				GENERATE_INFOPLIST_FILE = YES;
				IPHONEOS_DEPLOYMENT_TARGET = 26.2;
				MARKETING_VERSION = 1.0;
				PRODUCT_BUNDLE_IDENTIFIER = com.fringelo.MartesoTests;
				PRODUCT_NAME = "$(TARGET_NAME)";
				STRING_CATALOG_GENERATE_SYMBOLS = NO;
				SWIFT_APPROACHABLE_CONCURRENCY = YES;
				SWIFT_EMIT_LOC_STRINGS = NO;
				SWIFT_UPCOMING_FEATURE_MEMBER_IMPORT_VISIBILITY = YES;
				SWIFT_VERSION = 5.0;
				TARGETED_DEVICE_FAMILY = "1,2";
				TEST_HOST = "$(BUILT_PRODUCTS_DIR)/Marteso.app/$(BUNDLE_EXECUTABLE_FOLDER_PATH)/Marteso";
			};
			name = Release;
		};
		D97CBC632F5AE27B0033A6A4 /* Debug */ = {
			isa = XCBuildConfiguration;
			buildSettings = {
				CODE_SIGN_STYLE = Automatic;
				CURRENT_PROJECT_VERSION = 1;
				DEVELOPMENT_TEAM = AS5BHHK5AW;
				GENERATE_INFOPLIST_FILE = YES;
				MARKETING_VERSION = 1.0;
				PRODUCT_BUNDLE_IDENTIFIER = com.fringelo.MartesoUITests;
				PRODUCT_NAME = "$(TARGET_NAME)";
				STRING_CATALOG_GENERATE_SYMBOLS = NO;
				SWIFT_APPROACHABLE_CONCURRENCY = YES;
				SWIFT_EMIT_LOC_STRINGS = NO;
				SWIFT_UPCOMING_FEATURE_MEMBER_IMPORT_VISIBILITY = YES;
				SWIFT_VERSION = 5.0;
				TARGETED_DEVICE_FAMILY = "1,2";
				TEST_TARGET_NAME = Marteso;
			};
			name = Debug;
		};
		D97CBC642F5AE27B0033A6A4 /* Release */ = {
			isa = XCBuildConfiguration;
			buildSettings = {
				CODE_SIGN_STYLE = Automatic;
				CURRENT_PROJECT_VERSION = 1;
				DEVELOPMENT_TEAM = AS5BHHK5AW;
				GENERATE_INFOPLIST_FILE = YES;
				MARKETING_VERSION = 1.0;
				PRODUCT_BUNDLE_IDENTIFIER = com.fringelo.MartesoUITests;
				PRODUCT_NAME = "$(TARGET_NAME)";
				STRING_CATALOG_GENERATE_SYMBOLS = NO;
				SWIFT_APPROACHABLE_CONCURRENCY = YES;
				SWIFT_EMIT_LOC_STRINGS = NO;
				SWIFT_UPCOMING_FEATURE_MEMBER_IMPORT_VISIBILITY = YES;
				SWIFT_VERSION = 5.0;
				TARGETED_DEVICE_FAMILY = "1,2";
				TEST_TARGET_NAME = Marteso;
			};
			name = Release;
		};
/* End XCBuildConfiguration section */

/* Begin XCConfigurationList section */
		D97CBC362F5AE27A0033A6A4 /* Build configuration list for PBXProject "Marteso" */ = {
			isa = XCConfigurationList;
			buildConfigurations = (
				D97CBC5A2F5AE27B0033A6A4 /* Debug */,
				D97CBC5B2F5AE27B0033A6A4 /* Release */,
			);
			defaultConfigurationIsVisible = 0;
			defaultConfigurationName = Release;
		};
		D97CBC5C2F5AE27B0033A6A4 /* Build configuration list for PBXNativeTarget "Marteso" */ = {
			isa = XCConfigurationList;
			buildConfigurations = (
				D97CBC5D2F5AE27B0033A6A4 /* Debug */,
				D97CBC5E2F5AE27B0033A6A4 /* Release */,
			);
			defaultConfigurationIsVisible = 0;
			defaultConfigurationName = Release;
		};
		D97CBC5F2F5AE27B0033A6A4 /* Build configuration list for PBXNativeTarget "MartesoTests" */ = {
			isa = XCConfigurationList;
			buildConfigurations = (
				D97CBC602F5AE27B0033A6A4 /* Debug */,
				D97CBC612F5AE27B0033A6A4 /* Release */,
			);
			defaultConfigurationIsVisible = 0;
			defaultConfigurationName = Release;
		};
		D97CBC622F5AE27B0033A6A4 /* Build configuration list for PBXNativeTarget "MartesoUITests" */ = {
			isa = XCConfigurationList;
			buildConfigurations = (
				D97CBC632F5AE27B0033A6A4 /* Debug */,
				D97CBC642F5AE27B0033A6A4 /* Release */,
			);
			defaultConfigurationIsVisible = 0;
			defaultConfigurationName = Release;
		};
/* End XCConfigurationList section */
	};
	rootObject = D97CBC332F5AE27A0033A6A4 /* Project object */;
}
